
Microsoft Visual Studio Solution File, Format Version 12.00
# Visual Studio Version 16
VisualStudioVersion = 16.0.31624.102
MinimumVisualStudioVersion = 10.0.40219.1
Project("{9A19103F-16F7-4668-BE54-9A1E7A4F7556}") = "TgBotEnterpriseRabbitTest1", "TgBotEnterpriseRabbitTest1\TgBotEnterpriseRabbitTest1.csproj", "{3AB11018-859E-4B01-B58A-610F04B5E7CE}"
EndProject
Project("{9A19103F-16F7-4668-BE54-9A1E7A4F7556}") = "TgBotEnterpriseRabbitTest2", "TgBotEnterpriseRabbitTest2\TgBotEnterpriseRabbitTest2.csproj", "{8A258068-9181-4705-B2EB-FA3204FD2BAA}"
EndProject
Project("{9A19103F-16F7-4668-BE54-9A1E7A4F7556}") = "RabbitMqInfrastructure", "RabbitMqInfrastructure\RabbitMqInfrastructure.csproj", "{84058650-8EBC-4BB1-89EC-408D220A9576}"
EndProject
Project("{9A19103F-16F7-4668-BE54-9A1E7A4F7556}") = "CommonInfrastructure", "InfrastructureServices\CommonInfrastructure.csproj", "{7E129D4B-B9C8-460C-AA9A-8C9C0A8882E0}"
EndProject
Project("{9A19103F-16F7-4668-BE54-9A1E7A4F7556}") = "RedmineService", "RedmineService\RedmineService.csproj", "{C15CB04C-5CC2-414C-A1CB-A84DC77B8809}"
EndProject
Project("{9A19103F-16F7-4668-BE54-9A1E7A4F7556}") = "JenkinsService", "JenkinsService\JenkinsService.csproj", "{D52CA1ED-9F57-49A8-8377-3A86A0810256}"
EndProject
Project("{9A19103F-16F7-4668-BE54-9A1E7A4F7556}") = "WebAdminService", "WebAdminService\WebAdminService.csproj", "{E9CD40F9-EDA6-408F-8357-9131DC7B8606}"
EndProject
Project("{9A19103F-16F7-4668-BE54-9A1E7A4F7556}") = "MainBotService", "MainBotService\MainBotService.csproj", "{DD359339-1DF7-4E5F-9DCA-C4EB940368BC}"
EndProject
Project("{9A19103F-16F7-4668-BE54-9A1E7A4F7556}") = "CommonConfigurationExtensions", "CommonConfigurationExtensions\CommonConfigurationExtensions.csproj", "{85816E1F-4347-4E9F-8A54-C7783F07BE57}"
EndProject
Project("{E53339B2-1760-4266-BCC7-CA923CBCF16C}") = "docker-compose", "docker-compose.dcproj", "{20E404C2-3DFA-47C8-B0FE-36FBD235BA81}"
EndProject
Project("{2150E333-8FDC-42A3-9474-1A3956D46DE8}") = "Common", "Common", "{5CCEB3EE-77D8-4B49-A628-F174ED0FE590}"
EndProject
Project("{2150E333-8FDC-42A3-9474-1A3956D46DE8}") = "Services", "Services", "{9FEB5CF1-8FBD-425E-BE67-475E98CD8E08}"
EndProject
Project("{2150E333-8FDC-42A3-9474-1A3956D46DE8}") = "Endpoins", "Endpoins", "{026D1BAB-1D9D-456B-A53C-35E17F3AA768}"
EndProject
Project("{2150E333-8FDC-42A3-9474-1A3956D46DE8}") = "MainBot", "MainBot", "{EE8CD84B-576B-4180-B5A1-06EE2E851AAB}"
EndProject
Global
	GlobalSection(SolutionConfigurationPlatforms) = preSolution
		Debug|Any CPU = Debug|Any CPU
		Release|Any CPU = Release|Any CPU
	EndGlobalSection
	GlobalSection(ProjectConfigurationPlatforms) = postSolution
		{3AB11018-859E-4B01-B58A-610F04B5E7CE}.Debug|Any CPU.ActiveCfg = Debug|Any CPU
		{3AB11018-859E-4B01-B58A-610F04B5E7CE}.Debug|Any CPU.Build.0 = Debug|Any CPU
		{3AB11018-859E-4B01-B58A-610F04B5E7CE}.Release|Any CPU.ActiveCfg = Release|Any CPU
		{3AB11018-859E-4B01-B58A-610F04B5E7CE}.Release|Any CPU.Build.0 = Release|Any CPU
		{8A258068-9181-4705-B2EB-FA3204FD2BAA}.Debug|Any CPU.ActiveCfg = Debug|Any CPU
		{8A258068-9181-4705-B2EB-FA3204FD2BAA}.Debug|Any CPU.Build.0 = Debug|Any CPU
		{8A258068-9181-4705-B2EB-FA3204FD2BAA}.Release|Any CPU.ActiveCfg = Release|Any CPU
		{8A258068-9181-4705-B2EB-FA3204FD2BAA}.Release|Any CPU.Build.0 = Release|Any CPU
		{84058650-8EBC-4BB1-89EC-408D220A9576}.Debug|Any CPU.ActiveCfg = Debug|Any CPU
		{84058650-8EBC-4BB1-89EC-408D220A9576}.Debug|Any CPU.Build.0 = Debug|Any CPU
		{84058650-8EBC-4BB1-89EC-408D220A9576}.Release|Any CPU.ActiveCfg = Release|Any CPU
		{84058650-8EBC-4BB1-89EC-408D220A9576}.Release|Any CPU.Build.0 = Release|Any CPU
		{7E129D4B-B9C8-460C-AA9A-8C9C0A8882E0}.Debug|Any CPU.ActiveCfg = Debug|Any CPU
		{7E129D4B-B9C8-460C-AA9A-8C9C0A8882E0}.Debug|Any CPU.Build.0 = Debug|Any CPU
		{7E129D4B-B9C8-460C-AA9A-8C9C0A8882E0}.Release|Any CPU.ActiveCfg = Release|Any CPU
		{7E129D4B-B9C8-460C-AA9A-8C9C0A8882E0}.Release|Any CPU.Build.0 = Release|Any CPU
		{C15CB04C-5CC2-414C-A1CB-A84DC77B8809}.Debug|Any CPU.ActiveCfg = Debug|Any CPU
		{C15CB04C-5CC2-414C-A1CB-A84DC77B8809}.Debug|Any CPU.Build.0 = Debug|Any CPU
		{C15CB04C-5CC2-414C-A1CB-A84DC77B8809}.Release|Any CPU.ActiveCfg = Release|Any CPU
		{C15CB04C-5CC2-414C-A1CB-A84DC77B8809}.Release|Any CPU.Build.0 = Release|Any CPU
		{D52CA1ED-9F57-49A8-8377-3A86A0810256}.Debug|Any CPU.ActiveCfg = Debug|Any CPU
		{D52CA1ED-9F57-49A8-8377-3A86A0810256}.Debug|Any CPU.Build.0 = Debug|Any CPU
		{D52CA1ED-9F57-49A8-8377-3A86A0810256}.Release|Any CPU.ActiveCfg = Release|Any CPU
		{D52CA1ED-9F57-49A8-8377-3A86A0810256}.Release|Any CPU.Build.0 = Release|Any CPU
		{E9CD40F9-EDA6-408F-8357-9131DC7B8606}.Debug|Any CPU.ActiveCfg = Debug|Any CPU
		{E9CD40F9-EDA6-408F-8357-9131DC7B8606}.Debug|Any CPU.Build.0 = Debug|Any CPU
		{E9CD40F9-EDA6-408F-8357-9131DC7B8606}.Release|Any CPU.ActiveCfg = Release|Any CPU
		{E9CD40F9-EDA6-408F-8357-9131DC7B8606}.Release|Any CPU.Build.0 = Release|Any CPU
		{DD359339-1DF7-4E5F-9DCA-C4EB940368BC}.Debug|Any CPU.ActiveCfg = Debug|Any CPU
		{DD359339-1DF7-4E5F-9DCA-C4EB940368BC}.Debug|Any CPU.Build.0 = Debug|Any CPU
		{DD359339-1DF7-4E5F-9DCA-C4EB940368BC}.Release|Any CPU.ActiveCfg = Release|Any CPU
		{DD359339-1DF7-4E5F-9DCA-C4EB940368BC}.Release|Any CPU.Build.0 = Release|Any CPU
		{85816E1F-4347-4E9F-8A54-C7783F07BE57}.Debug|Any CPU.ActiveCfg = Debug|Any CPU
		{85816E1F-4347-4E9F-8A54-C7783F07BE57}.Debug|Any CPU.Build.0 = Debug|Any CPU
		{85816E1F-4347-4E9F-8A54-C7783F07BE57}.Release|Any CPU.ActiveCfg = Release|Any CPU
		{85816E1F-4347-4E9F-8A54-C7783F07BE57}.Release|Any CPU.Build.0 = Release|Any CPU
		{20E404C2-3DFA-47C8-B0FE-36FBD235BA81}.Debug|Any CPU.ActiveCfg = Debug|Any CPU
		{20E404C2-3DFA-47C8-B0FE-36FBD235BA81}.Debug|Any CPU.Build.0 = Debug|Any CPU
		{20E404C2-3DFA-47C8-B0FE-36FBD235BA81}.Release|Any CPU.ActiveCfg = Release|Any CPU
		{20E404C2-3DFA-47C8-B0FE-36FBD235BA81}.Release|Any CPU.Build.0 = Release|Any CPU
	EndGlobalSection
	GlobalSection(SolutionProperties) = preSolution
		HideSolutionNode = FALSE
	EndGlobalSection
	GlobalSection(NestedProjects) = preSolution
		{84058650-8EBC-4BB1-89EC-408D220A9576} = {5CCEB3EE-77D8-4B49-A628-F174ED0FE590}
		{7E129D4B-B9C8-460C-AA9A-8C9C0A8882E0} = {5CCEB3EE-77D8-4B49-A628-F174ED0FE590}
		{C15CB04C-5CC2-414C-A1CB-A84DC77B8809} = {9FEB5CF1-8FBD-425E-BE67-475E98CD8E08}
		{D52CA1ED-9F57-49A8-8377-3A86A0810256} = {9FEB5CF1-8FBD-425E-BE67-475E98CD8E08}
		{E9CD40F9-EDA6-408F-8357-9131DC7B8606} = {026D1BAB-1D9D-456B-A53C-35E17F3AA768}
		{DD359339-1DF7-4E5F-9DCA-C4EB940368BC} = {EE8CD84B-576B-4180-B5A1-06EE2E851AAB}
		{85816E1F-4347-4E9F-8A54-C7783F07BE57} = {5CCEB3EE-77D8-4B49-A628-F174ED0FE590}
	EndGlobalSection
	GlobalSection(ExtensibilityGlobals) = postSolution
		SolutionGuid = {B7136652-FED7-41E9-9302-1EF976839CC1}
	EndGlobalSection
EndGlobal
